
Microsoft Visual Studio Solution File, Format Version 12.00
# Visual Studio Version 16
VisualStudioVersion = 16.0.30717.126
MinimumVisualStudioVersion = 10.0.40219.1
Project("{FAE04EC0-301F-11D3-BF4B-00C04F79EFBC}") = "LongestKebab", "LongestKebab\LongestKebab.csproj", "{137E1467-C03C-4C98-A2BC-CF714A787060}"
EndProject
Global
	GlobalSection(SolutionConfigurationPlatforms) = preSolution
		Debug|Any CPU = Debug|Any CPU
		Release|Any CPU = Release|Any CPU
	EndGlobalSection
	GlobalSection(ProjectConfigurationPlatforms) = postSolution
		{137E1467-C03C-4C98-A2BC-CF714A787060}.Debug|Any CPU.ActiveCfg = Debug|Any CPU
		{137E1467-C03C-4C98-A2BC-CF714A787060}.Debug|Any CPU.Build.0 = Debug|Any CPU
		{137E1467-C03C-4C98-A2BC-CF714A787060}.Release|Any CPU.ActiveCfg = Release|Any CPU
		{137E1467-C03C-4C98-A2BC-CF714A787060}.Release|Any CPU.Build.0 = Release|Any CPU
	EndGlobalSection
	GlobalSection(SolutionProperties) = preSolution
		HideSolutionNode = FALSE
	EndGlobalSection
	GlobalSection(ExtensibilityGlobals) = postSolution
		SolutionGuid = {78E3CB87-E71C-40DF-9D82-06BB14175CB4}
	EndGlobalSection
EndGlobal
